
Microsoft Visual Studio Solution File, Format Version 12.00
# Visual Studio Version 17
VisualStudioVersion = 17.4.33122.133
MinimumVisualStudioVersion = 10.0.40219.1
Project("{FAE04EC0-301F-11D3-BF4B-00C04F79EFBC}") = "EmployeeData", "EmployeeData\EmployeeData.csproj", "{FAABE78B-E813-4A5D-849C-95C228420914}"
EndProject
Global
	GlobalSection(SolutionConfigurationPlatforms) = preSolution
		Debug|Any CPU = Debug|Any CPU
		Release|Any CPU = Release|Any CPU
	EndGlobalSection
	GlobalSection(ProjectConfigurationPlatforms) = postSolution
		{FAABE78B-E813-4A5D-849C-95C228420914}.Debug|Any CPU.ActiveCfg = Debug|Any CPU
		{FAABE78B-E813-4A5D-849C-95C228420914}.Debug|Any CPU.Build.0 = Debug|Any CPU
		{FAABE78B-E813-4A5D-849C-95C228420914}.Release|Any CPU.ActiveCfg = Release|Any CPU
		{FAABE78B-E813-4A5D-849C-95C228420914}.Release|Any CPU.Build.0 = Release|Any CPU
	EndGlobalSection
	GlobalSection(SolutionProperties) = preSolution
		HideSolutionNode = FALSE
	EndGlobalSection
	GlobalSection(ExtensibilityGlobals) = postSolution
		SolutionGuid = {AF19A783-A737-4686-9BC0-92E2F8995743}
	EndGlobalSection
EndGlobal
